
Microsoft Visual Studio Solution File, Format Version 12.00
# Visual Studio 15
VisualStudioVersion = 15.0.27130.2020
MinimumVisualStudioVersion = 10.0.40219.1
Project("{2150E333-8FDC-42A3-9474-1A3956D46DE8}") = "1、Web编辑器", "1、Web编辑器", "{37E56A42-9208-43B1-AD64-D980406E8FB7}"
EndProject
Project("{FAE04EC0-301F-11D3-BF4B-00C04F79EFBC}") = "Web", "UEditor\Web.csproj", "{18FC8D55-1EDC-47F4-86C2-2B2170108167}"
EndProject
Global
	GlobalSection(SolutionConfigurationPlatforms) = preSolution
		Debug|Any CPU = Debug|Any CPU
		Release|Any CPU = Release|Any CPU
	EndGlobalSection
	GlobalSection(ProjectConfigurationPlatforms) = postSolution
		{18FC8D55-1EDC-47F4-86C2-2B2170108167}.Debug|Any CPU.ActiveCfg = Debug|Any CPU
		{18FC8D55-1EDC-47F4-86C2-2B2170108167}.Debug|Any CPU.Build.0 = Debug|Any CPU
		{18FC8D55-1EDC-47F4-86C2-2B2170108167}.Release|Any CPU.ActiveCfg = Release|Any CPU
		{18FC8D55-1EDC-47F4-86C2-2B2170108167}.Release|Any CPU.Build.0 = Release|Any CPU
	EndGlobalSection
	GlobalSection(SolutionProperties) = preSolution
		HideSolutionNode = FALSE
	EndGlobalSection
	GlobalSection(NestedProjects) = preSolution
		{18FC8D55-1EDC-47F4-86C2-2B2170108167} = {37E56A42-9208-43B1-AD64-D980406E8FB7}
	EndGlobalSection
	GlobalSection(ExtensibilityGlobals) = postSolution
		SolutionGuid = {CF51BE87-7C15-465F-9D76-50DF43F495AD}
	EndGlobalSection
EndGlobal
